// !$*UTF8*$!
{
	archiveVersion = 1;
	classes = {
	};
	objectVersion = 46;
	objects = {

/* Begin PBXBuildFile section */
		1B279D191F19677300C0005E /* AppDelegate.swift in Sources */ = {isa = PBXBuildFile; fileRef = 1B279D181F19677300C0005E /* AppDelegate.swift */; };
		1B279D1B1F19677300C0005E /* ViewController.swift in Sources */ = {isa = PBXBuildFile; fileRef = 1B279D1A1F19677300C0005E /* ViewController.swift */; };
		1B279D1E1F19677300C0005E /* Main.storyboard in Resources */ = {isa = PBXBuildFile; fileRef = 1B279D1C1F19677300C0005E /* Main.storyboard */; };
		1B279D201F19677300C0005E /* Assets.xcassets in Resources */ = {isa = PBXBuildFile; fileRef = 1B279D1F1F19677300C0005E /* Assets.xcassets */; };
		1B279D231F19677300C0005E /* LaunchScreen.storyboard in Resources */ = {isa = PBXBuildFile; fileRef = 1B279D211F19677300C0005E /* LaunchScreen.storyboard */; };
		1B279D2C1F19680F00C0005E /* Conduit.framework in Frameworks */ = {isa = PBXBuildFile; fileRef = 1B279D2B1F19680F00C0005E /* Conduit.framework */; };
		1B279D3A1F19686600C0005E /* AuthManager.swift in Sources */ = {isa = PBXBuildFile; fileRef = 1B279D2E1F19686600C0005E /* AuthManager.swift */; };
		1B279D3B1F19686600C0005E /* URLSessionClientManager.swift in Sources */ = {isa = PBXBuildFile; fileRef = 1B279D2F1F19686600C0005E /* URLSessionClientManager.swift */; };
		1B279D3C1F19686600C0005E /* UserSessionManager.swift in Sources */ = {isa = PBXBuildFile; fileRef = 1B279D301F19686600C0005E /* UserSessionManager.swift */; };
		1B279D401F19686600C0005E /* ProtectedResourceService.swift in Sources */ = {isa = PBXBuildFile; fileRef = 1B279D391F19686600C0005E /* ProtectedResourceService.swift */; };
		1B279D431F196DDA00C0005E /* ProtectedThing.swift in Sources */ = {isa = PBXBuildFile; fileRef = 1B279D421F196DDA00C0005E /* ProtectedThing.swift */; };
/* End PBXBuildFile section */

/* Begin PBXFileReference section */
		1B279D151F19677300C0005E /* ConduitExample.app */ = {isa = PBXFileReference; explicitFileType = wrapper.application; includeInIndex = 0; path = ConduitExample.app; sourceTree = BUILT_PRODUCTS_DIR; };
		1B279D181F19677300C0005E /* AppDelegate.swift */ = {isa = PBXFileReference; lastKnownFileType = sourcecode.swift; path = AppDelegate.swift; sourceTree = "<group>"; };
		1B279D1A1F19677300C0005E /* ViewController.swift */ = {isa = PBXFileReference; lastKnownFileType = sourcecode.swift; path = ViewController.swift; sourceTree = "<group>"; };
		1B279D1D1F19677300C0005E /* Base */ = {isa = PBXFileReference; lastKnownFileType = file.storyboard; name = Base; path = Base.lproj/Main.storyboard; sourceTree = "<group>"; };
		1B279D1F1F19677300C0005E /* Assets.xcassets */ = {isa = PBXFileReference; lastKnownFileType = folder.assetcatalog; path = Assets.xcassets; sourceTree = "<group>"; };
		1B279D221F19677300C0005E /* Base */ = {isa = PBXFileReference; lastKnownFileType = file.storyboard; name = Base; path = Base.lproj/LaunchScreen.storyboard; sourceTree = "<group>"; };
		1B279D241F19677300C0005E /* Info.plist */ = {isa = PBXFileReference; lastKnownFileType = text.plist.xml; path = Info.plist; sourceTree = "<group>"; };
		1B279D2B1F19680F00C0005E /* Conduit.framework */ = {isa = PBXFileReference; lastKnownFileType = wrapper.framework; name = Conduit.framework; path = "../build/Debug-iphoneos/Conduit.framework"; sourceTree = "<group>"; };
		1B279D2E1F19686600C0005E /* AuthManager.swift */ = {isa = PBXFileReference; fileEncoding = 4; lastKnownFileType = sourcecode.swift; path = AuthManager.swift; sourceTree = "<group>"; };
		1B279D2F1F19686600C0005E /* URLSessionClientManager.swift */ = {isa = PBXFileReference; fileEncoding = 4; lastKnownFileType = sourcecode.swift; path = URLSessionClientManager.swift; sourceTree = "<group>"; };
		1B279D301F19686600C0005E /* UserSessionManager.swift */ = {isa = PBXFileReference; fileEncoding = 4; lastKnownFileType = sourcecode.swift; path = UserSessionManager.swift; sourceTree = "<group>"; };
		1B279D391F19686600C0005E /* ProtectedResourceService.swift */ = {isa = PBXFileReference; fileEncoding = 4; lastKnownFileType = sourcecode.swift; path = ProtectedResourceService.swift; sourceTree = "<group>"; };
		1B279D421F196DDA00C0005E /* ProtectedThing.swift */ = {isa = PBXFileReference; fileEncoding = 4; lastKnownFileType = sourcecode.swift; path = ProtectedThing.swift; sourceTree = "<group>"; };
/* End PBXFileReference section */

/* Begin PBXFrameworksBuildPhase section */
		1B279D121F19677300C0005E /* Frameworks */ = {
			isa = PBXFrameworksBuildPhase;
			buildActionMask = 2147483647;
			files = (
				1B279D2C1F19680F00C0005E /* Conduit.framework in Frameworks */,
			);
			runOnlyForDeploymentPostprocessing = 0;
		};
/* End PBXFrameworksBuildPhase section */

/* Begin PBXGroup section */
		1B279D0C1F19677300C0005E = {
			isa = PBXGroup;
			children = (
				1B279D171F19677300C0005E /* ConduitExample */,
				1B279D161F19677300C0005E /* Products */,
				1B279D2A1F19680F00C0005E /* Frameworks */,
			);
			sourceTree = "<group>";
		};
		1B279D161F19677300C0005E /* Products */ = {
			isa = PBXGroup;
			children = (
				1B279D151F19677300C0005E /* ConduitExample.app */,
			);
			name = Products;
			sourceTree = "<group>";
		};
		1B279D171F19677300C0005E /* ConduitExample */ = {
			isa = PBXGroup;
			children = (
				1B279D2D1F19686600C0005E /* Managers */,
				1B279D311F19686600C0005E /* Models */,
				1B279D381F19686600C0005E /* Services */,
				1B279D181F19677300C0005E /* AppDelegate.swift */,
				1B279D1A1F19677300C0005E /* ViewController.swift */,
				1B279D1C1F19677300C0005E /* Main.storyboard */,
				1B279D1F1F19677300C0005E /* Assets.xcassets */,
				1B279D211F19677300C0005E /* LaunchScreen.storyboard */,
				1B279D241F19677300C0005E /* Info.plist */,
			);
			path = ConduitExample;
			sourceTree = "<group>";
		};
		1B279D2A1F19680F00C0005E /* Frameworks */ = {
			isa = PBXGroup;
			children = (
				1B279D2B1F19680F00C0005E /* Conduit.framework */,
			);
			name = Frameworks;
			sourceTree = "<group>";
		};
		1B279D2D1F19686600C0005E /* Managers */ = {
			isa = PBXGroup;
			children = (
				1B279D2E1F19686600C0005E /* AuthManager.swift */,
				1B279D2F1F19686600C0005E /* URLSessionClientManager.swift */,
				1B279D301F19686600C0005E /* UserSessionManager.swift */,
			);
			path = Managers;
			sourceTree = "<group>";
		};
		1B279D311F19686600C0005E /* Models */ = {
			isa = PBXGroup;
			children = (
				1B279D421F196DDA00C0005E /* ProtectedThing.swift */,
			);
			path = Models;
			sourceTree = "<group>";
		};
		1B279D381F19686600C0005E /* Services */ = {
			isa = PBXGroup;
			children = (
				1B279D391F19686600C0005E /* ProtectedResourceService.swift */,
			);
			path = Services;
			sourceTree = "<group>";
		};
/* End PBXGroup section */

/* Begin PBXNativeTarget section */
		1B279D141F19677300C0005E /* ConduitExample */ = {
			isa = PBXNativeTarget;
			buildConfigurationList = 1B279D271F19677300C0005E /* Build configuration list for PBXNativeTarget "ConduitExample" */;
			buildPhases = (
				1B279D111F19677300C0005E /* Sources */,
				1B279D121F19677300C0005E /* Frameworks */,
				1B279D131F19677300C0005E /* Resources */,
			);
			buildRules = (
			);
			dependencies = (
			);
			name = ConduitExample;
			productName = ConduitExample;
			productReference = 1B279D151F19677300C0005E /* ConduitExample.app */;
			productType = "com.apple.product-type.application";
		};
/* End PBXNativeTarget section */

/* Begin PBXProject section */
		1B279D0D1F19677300C0005E /* Project object */ = {
			isa = PBXProject;
			attributes = {
				LastSwiftUpdateCheck = 0830;
				LastUpgradeCheck = 0830;
				ORGANIZATIONNAME = MINDBODY;
				TargetAttributes = {
					1B279D141F19677300C0005E = {
						CreatedOnToolsVersion = 8.3.2;
						ProvisioningStyle = Automatic;
					};
				};
			};
			buildConfigurationList = 1B279D101F19677300C0005E /* Build configuration list for PBXProject "ConduitExample" */;
			compatibilityVersion = "Xcode 3.2";
			developmentRegion = English;
			hasScannedForEncodings = 0;
			knownRegions = (
				en,
				Base,
			);
			mainGroup = 1B279D0C1F19677300C0005E;
			productRefGroup = 1B279D161F19677300C0005E /* Products */;
			projectDirPath = "";
			projectRoot = "";
			targets = (
				1B279D141F19677300C0005E /* ConduitExample */,
			);
		};
/* End PBXProject section */

/* Begin PBXResourcesBuildPhase section */
		1B279D131F19677300C0005E /* Resources */ = {
			isa = PBXResourcesBuildPhase;
			buildActionMask = 2147483647;
			files = (
				1B279D231F19677300C0005E /* LaunchScreen.storyboard in Resources */,
				1B279D201F19677300C0005E /* Assets.xcassets in Resources */,
				1B279D1E1F19677300C0005E /* Main.storyboard in Resources */,
			);
			runOnlyForDeploymentPostprocessing = 0;
		};
/* End PBXResourcesBuildPhase section */

/* Begin PBXSourcesBuildPhase section */
		1B279D111F19677300C0005E /* Sources */ = {
			isa = PBXSourcesBuildPhase;
			buildActionMask = 2147483647;
			files = (
				1B279D1B1F19677300C0005E /* ViewController.swift in Sources */,
				1B279D3B1F19686600C0005E /* URLSessionClientManager.swift in Sources */,
				1B279D401F19686600C0005E /* ProtectedResourceService.swift in Sources */,
				1B279D3A1F19686600C0005E /* AuthManager.swift in Sources */,
				1B279D3C1F19686600C0005E /* UserSessionManager.swift in Sources */,
				1B279D431F196DDA00C0005E /* ProtectedThing.swift in Sources */,
				1B279D191F19677300C0005E /* AppDelegate.swift in Sources */,
			);
			runOnlyForDeploymentPostprocessing = 0;
		};
/* End PBXSourcesBuildPhase section */

/* Begin PBXVariantGroup section */
		1B279D1C1F19677300C0005E /* Main.storyboard */ = {
			isa = PBXVariantGroup;
			children = (
				1B279D1D1F19677300C0005E /* Base */,
			);
			name = Main.storyboard;
			sourceTree = "<group>";
		};
		1B279D211F19677300C0005E /* LaunchScreen.storyboard */ = {
			isa = PBXVariantGroup;
			children = (
				1B279D221F19677300C0005E /* Base */,
			);
			name = LaunchScreen.storyboard;
			sourceTree = "<group>";
		};
/* End PBXVariantGroup section */

/* Begin XCBuildConfiguration section */
		1B279D251F19677300C0005E /* Debug */ = {
			isa = XCBuildConfiguration;
			buildSettings = {
				ALWAYS_SEARCH_USER_PATHS = NO;
				CLANG_ANALYZER_NONNULL = YES;
				CLANG_ANALYZER_NUMBER_OBJECT_CONVERSION = YES_AGGRESSIVE;
				CLANG_CXX_LANGUAGE_STANDARD = "gnu++0x";
				CLANG_CXX_LIBRARY = "libc++";
				CLANG_ENABLE_MODULES = YES;
				CLANG_ENABLE_OBJC_ARC = YES;
				CLANG_WARN_BOOL_CONVERSION = YES;
				CLANG_WARN_CONSTANT_CONVERSION = YES;
				CLANG_WARN_DIRECT_OBJC_ISA_USAGE = YES_ERROR;
				CLANG_WARN_DOCUMENTATION_COMMENTS = YES;
				CLANG_WARN_EMPTY_BODY = YES;
				CLANG_WARN_ENUM_CONVERSION = YES;
				CLANG_WARN_INFINITE_RECURSION = YES;
				CLANG_WARN_INT_CONVERSION = YES;
				CLANG_WARN_OBJC_ROOT_CLASS = YES_ERROR;
				CLANG_WARN_SUSPICIOUS_MOVE = YES;
				CLANG_WARN_UNREACHABLE_CODE = YES;
				CLANG_WARN__DUPLICATE_METHOD_MATCH = YES;
				"CODE_SIGN_IDENTITY[sdk=iphoneos*]" = "iPhone Developer";
				COPY_PHASE_STRIP = NO;
				DEBUG_INFORMATION_FORMAT = dwarf;
				ENABLE_STRICT_OBJC_MSGSEND = YES;
				ENABLE_TESTABILITY = YES;
				GCC_C_LANGUAGE_STANDARD = gnu99;
				GCC_DYNAMIC_NO_PIC = NO;
				GCC_NO_COMMON_BLOCKS = YES;
				GCC_OPTIMIZATION_LEVEL = 0;
				GCC_PREPROCESSOR_DEFINITIONS = (
					"DEBUG=1",
					"$(inherited)",
				);
				GCC_WARN_64_TO_32_BIT_CONVERSION = YES;
				GCC_WARN_ABOUT_RETURN_TYPE = YES_ERROR;
				GCC_WARN_UNDECLARED_SELECTOR = YES;
				GCC_WARN_UNINITIALIZED_AUTOS = YES_AGGRESSIVE;
				GCC_WARN_UNUSED_FUNCTION = YES;
				GCC_WARN_UNUSED_VARIABLE = YES;
				IPHONEOS_DEPLOYMENT_TARGET = 10.3;
				MTL_ENABLE_DEBUG_INFO = YES;
				ONLY_ACTIVE_ARCH = YES;
				SDKROOT = iphoneos;
				SWIFT_ACTIVE_COMPILATION_CONDITIONS = DEBUG;
				SWIFT_OPTIMIZATION_LEVEL = "-Onone";
				TARGETED_DEVICE_FAMILY = "1,2";
			};
			name = Debug;
		};
		1B279D261F19677300C0005E /* Release */ = {
			isa = XCBuildConfiguration;
			buildSettings = {
				ALWAYS_SEARCH_USER_PATHS = NO;
				CLANG_ANALYZER_NONNULL = YES;
				CLANG_ANALYZER_NUMBER_OBJECT_CONVERSION = YES_AGGRESSIVE;
				CLANG_CXX_LANGUAGE_STANDARD = "gnu++0x";
				CLANG_CXX_LIBRARY = "libc++";
				CLANG_ENABLE_MODULES = YES;
				CLANG_ENABLE_OBJC_ARC = YES;
				CLANG_WARN_BOOL_CONVERSION = YES;
				CLANG_WARN_CONSTANT_CONVERSION = YES;
				CLANG_WARN_DIRECT_OBJC_ISA_USAGE = YES_ERROR;
				CLANG_WARN_DOCUMENTATION_COMMENTS = YES;
				CLANG_WARN_EMPTY_BODY = YES;
				CLANG_WARN_ENUM_CONVERSION = YES;
				CLANG_WARN_INFINITE_RECURSION = YES;
				CLANG_WARN_INT_CONVERSION = YES;
				CLANG_WARN_OBJC_ROOT_CLASS = YES_ERROR;
				CLANG_WARN_SUSPICIOUS_MOVE = YES;
				CLANG_WARN_UNREACHABLE_CODE = YES;
				CLANG_WARN__DUPLICATE_METHOD_MATCH = YES;
				"CODE_SIGN_IDENTITY[sdk=iphoneos*]" = "iPhone Developer";
				COPY_PHASE_STRIP = NO;
				DEBUG_INFORMATION_FORMAT = "dwarf-with-dsym";
				ENABLE_NS_ASSERTIONS = NO;
				ENABLE_STRICT_OBJC_MSGSEND = YES;
				GCC_C_LANGUAGE_STANDARD = gnu99;
				GCC_NO_COMMON_BLOCKS = YES;
				GCC_WARN_64_TO_32_BIT_CONVERSION = YES;
				GCC_WARN_ABOUT_RETURN_TYPE = YES_ERROR;
				GCC_WARN_UNDECLARED_SELECTOR = YES;
				GCC_WARN_UNINITIALIZED_AUTOS = YES_AGGRESSIVE;
				GCC_WARN_UNUSED_FUNCTION = YES;
				GCC_WARN_UNUSED_VARIABLE = YES;
				IPHONEOS_DEPLOYMENT_TARGET = 10.3;
				MTL_ENABLE_DEBUG_INFO = NO;
				SDKROOT = iphoneos;
				SWIFT_OPTIMIZATION_LEVEL = "-Owholemodule";
				TARGETED_DEVICE_FAMILY = "1,2";
				VALIDATE_PRODUCT = YES;
			};
			name = Release;
		};
		1B279D281F19677300C0005E /* Debug */ = {
			isa = XCBuildConfiguration;
			buildSettings = {
				ASSETCATALOG_COMPILER_APPICON_NAME = AppIcon;
				DEVELOPMENT_TEAM = "";
				FRAMEWORK_SEARCH_PATHS = (
					"$(inherited)",
					"$(USER_LIBRARY_DIR)/Github/Conduit/build/Debug-iphoneos",
				);
				INFOPLIST_FILE = ConduitExample/Info.plist;
				LD_RUNPATH_SEARCH_PATHS = "$(inherited) @executable_path/Frameworks";
				PRODUCT_BUNDLE_IDENTIFIER = com.mindbodyonline.ConduitExample;
				PRODUCT_NAME = "$(TARGET_NAME)";
				SWIFT_VERSION = 3.0;
			};
			name = Debug;
		};
		1B279D291F19677300C0005E /* Release */ = {
			isa = XCBuildConfiguration;
			buildSettings = {
				ASSETCATALOG_COMPILER_APPICON_NAME = AppIcon;
				DEVELOPMENT_TEAM = "";
				FRAMEWORK_SEARCH_PATHS = (
					"$(inherited)",
					"$(USER_LIBRARY_DIR)/Github/Conduit/build/Debug-iphoneos",
				);
				INFOPLIST_FILE = ConduitExample/Info.plist;
				LD_RUNPATH_SEARCH_PATHS = "$(inherited) @executable_path/Frameworks";
				PRODUCT_BUNDLE_IDENTIFIER = com.mindbodyonline.ConduitExample;
				PRODUCT_NAME = "$(TARGET_NAME)";
				SWIFT_VERSION = 3.0;
			};
			name = Release;
		};
/* End XCBuildConfiguration section */

/* Begin XCConfigurationList section */
		1B279D101F19677300C0005E /* Build configuration list for PBXProject "ConduitExample" */ = {
			isa = XCConfigurationList;
			buildConfigurations = (
				1B279D251F19677300C0005E /* Debug */,
				1B279D261F19677300C0005E /* Release */,
			);
			defaultConfigurationIsVisible = 0;
			defaultConfigurationName = Release;
		};
		1B279D271F19677300C0005E /* Build configuration list for PBXNativeTarget "ConduitExample" */ = {
			isa = XCConfigurationList;
			buildConfigurations = (
				1B279D281F19677300C0005E /* Debug */,
				1B279D291F19677300C0005E /* Release */,
			);
			defaultConfigurationIsVisible = 0;
			defaultConfigurationName = Release;
		};
/* End XCConfigurationList section */
	};
	rootObject = 1B279D0D1F19677300C0005E /* Project object */;
}
